
Microsoft Visual Studio Solution File, Format Version 12.00
# Visual Studio 15
VisualStudioVersion = 15.0.28307.421
MinimumVisualStudioVersion = 10.0.40219.1
Project("{FAE04EC0-301F-11D3-BF4B-00C04F79EFBC}") = "CardsGame", "WindowsFormsApp18\CardsGame.csproj", "{95EBF546-E6D0-4B91-BF24-BB53ACBC0A7E}"
EndProject
Global
	GlobalSection(SolutionConfigurationPlatforms) = preSolution
		Debug|Any CPU = Debug|Any CPU
		Release|Any CPU = Release|Any CPU
	EndGlobalSection
	GlobalSection(ProjectConfigurationPlatforms) = postSolution
		{95EBF546-E6D0-4B91-BF24-BB53ACBC0A7E}.Debug|Any CPU.ActiveCfg = Debug|Any CPU
		{95EBF546-E6D0-4B91-BF24-BB53ACBC0A7E}.Debug|Any CPU.Build.0 = Debug|Any CPU
		{95EBF546-E6D0-4B91-BF24-BB53ACBC0A7E}.Release|Any CPU.ActiveCfg = Release|Any CPU
		{95EBF546-E6D0-4B91-BF24-BB53ACBC0A7E}.Release|Any CPU.Build.0 = Release|Any CPU
	EndGlobalSection
	GlobalSection(SolutionProperties) = preSolution
		HideSolutionNode = FALSE
	EndGlobalSection
	GlobalSection(ExtensibilityGlobals) = postSolution
		SolutionGuid = {0C1A338C-BAFC-4222-A132-F84ACDC66105}
	EndGlobalSection
EndGlobal
